
Microsoft Visual Studio Solution File, Format Version 12.00
# Visual Studio Version 16
VisualStudioVersion = 16.0.32002.261
MinimumVisualStudioVersion = 10.0.40219.1
Project("{FAE04EC0-301F-11D3-BF4B-00C04F79EFBC}") = "CV.Entities", "Entities\CV.Entities.csproj", "{4721DE1D-3459-4283-9465-6A9832B7DEAA}"
EndProject
Project("{FAE04EC0-301F-11D3-BF4B-00C04F79EFBC}") = "CV.DataAccess", "CV.DataAccess\CV.DataAccess.csproj", "{C796F20A-EA50-4964-A225-3D49E50250B2}"
EndProject
Project("{FAE04EC0-301F-11D3-BF4B-00C04F79EFBC}") = "CV.DTO", "CV.DTO\CV.DTO.csproj", "{B1EC98EA-D993-4E8C-95AB-60D8242A62EA}"
EndProject
Project("{FAE04EC0-301F-11D3-BF4B-00C04F79EFBC}") = "CV.Business", "CV.Business\CV.Business.csproj", "{FB967A7C-3F0B-4F3C-87CF-B4A0357DED0C}"
EndProject
Project("{FAE04EC0-301F-11D3-BF4B-00C04F79EFBC}") = "WebUI", "WebUI\WebUI.csproj", "{334D1432-48B0-45D1-90DD-29D2D8F2572B}"
EndProject
Global
	GlobalSection(SolutionConfigurationPlatforms) = preSolution
		Debug|Any CPU = Debug|Any CPU
		Release|Any CPU = Release|Any CPU
	EndGlobalSection
	GlobalSection(ProjectConfigurationPlatforms) = postSolution
		{4721DE1D-3459-4283-9465-6A9832B7DEAA}.Debug|Any CPU.ActiveCfg = Debug|Any CPU
		{4721DE1D-3459-4283-9465-6A9832B7DEAA}.Debug|Any CPU.Build.0 = Debug|Any CPU
		{4721DE1D-3459-4283-9465-6A9832B7DEAA}.Release|Any CPU.ActiveCfg = Release|Any CPU
		{4721DE1D-3459-4283-9465-6A9832B7DEAA}.Release|Any CPU.Build.0 = Release|Any CPU
		{C796F20A-EA50-4964-A225-3D49E50250B2}.Debug|Any CPU.ActiveCfg = Debug|Any CPU
		{C796F20A-EA50-4964-A225-3D49E50250B2}.Debug|Any CPU.Build.0 = Debug|Any CPU
		{C796F20A-EA50-4964-A225-3D49E50250B2}.Release|Any CPU.ActiveCfg = Release|Any CPU
		{C796F20A-EA50-4964-A225-3D49E50250B2}.Release|Any CPU.Build.0 = Release|Any CPU
		{B1EC98EA-D993-4E8C-95AB-60D8242A62EA}.Debug|Any CPU.ActiveCfg = Debug|Any CPU
		{B1EC98EA-D993-4E8C-95AB-60D8242A62EA}.Debug|Any CPU.Build.0 = Debug|Any CPU
		{B1EC98EA-D993-4E8C-95AB-60D8242A62EA}.Release|Any CPU.ActiveCfg = Release|Any CPU
		{B1EC98EA-D993-4E8C-95AB-60D8242A62EA}.Release|Any CPU.Build.0 = Release|Any CPU
		{FB967A7C-3F0B-4F3C-87CF-B4A0357DED0C}.Debug|Any CPU.ActiveCfg = Debug|Any CPU
		{FB967A7C-3F0B-4F3C-87CF-B4A0357DED0C}.Debug|Any CPU.Build.0 = Debug|Any CPU
		{FB967A7C-3F0B-4F3C-87CF-B4A0357DED0C}.Release|Any CPU.ActiveCfg = Release|Any CPU
		{FB967A7C-3F0B-4F3C-87CF-B4A0357DED0C}.Release|Any CPU.Build.0 = Release|Any CPU
		{334D1432-48B0-45D1-90DD-29D2D8F2572B}.Debug|Any CPU.ActiveCfg = Debug|Any CPU
		{334D1432-48B0-45D1-90DD-29D2D8F2572B}.Debug|Any CPU.Build.0 = Debug|Any CPU
		{334D1432-48B0-45D1-90DD-29D2D8F2572B}.Release|Any CPU.ActiveCfg = Release|Any CPU
		{334D1432-48B0-45D1-90DD-29D2D8F2572B}.Release|Any CPU.Build.0 = Release|Any CPU
	EndGlobalSection
	GlobalSection(SolutionProperties) = preSolution
		HideSolutionNode = FALSE
	EndGlobalSection
	GlobalSection(ExtensibilityGlobals) = postSolution
		SolutionGuid = {E57C8AE7-D8E5-4713-A728-FA454D1AFBCA}
	EndGlobalSection
EndGlobal
